Microsoft Visual Studio Solution File, Format Version 11.00
# Visual Studio 2008

Project("{EDD68D9A-FE4B-B9F5-69F7-E91DE3A0F0DF}") = "Milestone 1", "Assembly-CSharp-firstpass.csproj", "{43147F7A-6587-1109-94F2-DDB0A616214E}"
EndProject
Project("{EDD68D9A-FE4B-B9F5-69F7-E91DE3A0F0DF}") = "Milestone 1", "Assembly-CSharp.csproj", "{BD39B7B0-A9D0-2D9A-A2F7-9050E75FBBCD}"
EndProject
Project("{EDD68D9A-FE4B-B9F5-69F7-E91DE3A0F0DF}") = "Milestone 1", "Assembly-UnityScript-firstpass.unityproj", "{7D9B4896-CC65-7700-C6BC-E621C5F391AE}"
EndProject
Project("{EDD68D9A-FE4B-B9F5-69F7-E91DE3A0F0DF}") = "Milestone 1", "Assembly-UnityScript.unityproj", "{D8E29008-66F6-BE5F-7F52-31DA017A11D6}"
EndProject
Project("{EDD68D9A-FE4B-B9F5-69F7-E91DE3A0F0DF}") = "Milestone 1", "Assembly-UnityScript-Editor.unityproj", "{FC7F3A2A-4255-BD20-F3BF-E810E37746FF}"
EndProject
Global
	GlobalSection(SolutionConfigurationPlatforms) = preSolution
		Debug|Any CPU = Debug|Any CPU
		Release|Any CPU = Release|Any CPU
	EndGlobalSection
	GlobalSection(ProjectConfigurationPlatforms) = postSolution
		{43147F7A-6587-1109-94F2-DDB0A616214E}.Debug|Any CPU.ActiveCfg = Debug|Any CPU
		{43147F7A-6587-1109-94F2-DDB0A616214E}.Debug|Any CPU.Build.0 = Debug|Any CPU
		{43147F7A-6587-1109-94F2-DDB0A616214E}.Release|Any CPU.ActiveCfg = Release|Any CPU
		{43147F7A-6587-1109-94F2-DDB0A616214E}.Release|Any CPU.Build.0 = Release|Any CPU
		{BD39B7B0-A9D0-2D9A-A2F7-9050E75FBBCD}.Debug|Any CPU.ActiveCfg = Debug|Any CPU
		{BD39B7B0-A9D0-2D9A-A2F7-9050E75FBBCD}.Debug|Any CPU.Build.0 = Debug|Any CPU
		{BD39B7B0-A9D0-2D9A-A2F7-9050E75FBBCD}.Release|Any CPU.ActiveCfg = Release|Any CPU
		{BD39B7B0-A9D0-2D9A-A2F7-9050E75FBBCD}.Release|Any CPU.Build.0 = Release|Any CPU
		{7D9B4896-CC65-7700-C6BC-E621C5F391AE}.Debug|Any CPU.ActiveCfg = Debug|Any CPU
		{7D9B4896-CC65-7700-C6BC-E621C5F391AE}.Debug|Any CPU.Build.0 = Debug|Any CPU
		{7D9B4896-CC65-7700-C6BC-E621C5F391AE}.Release|Any CPU.ActiveCfg = Release|Any CPU
		{7D9B4896-CC65-7700-C6BC-E621C5F391AE}.Release|Any CPU.Build.0 = Release|Any CPU
		{D8E29008-66F6-BE5F-7F52-31DA017A11D6}.Debug|Any CPU.ActiveCfg = Debug|Any CPU
		{D8E29008-66F6-BE5F-7F52-31DA017A11D6}.Debug|Any CPU.Build.0 = Debug|Any CPU
		{D8E29008-66F6-BE5F-7F52-31DA017A11D6}.Release|Any CPU.ActiveCfg = Release|Any CPU
		{D8E29008-66F6-BE5F-7F52-31DA017A11D6}.Release|Any CPU.Build.0 = Release|Any CPU
		{FC7F3A2A-4255-BD20-F3BF-E810E37746FF}.Debug|Any CPU.ActiveCfg = Debug|Any CPU
		{FC7F3A2A-4255-BD20-F3BF-E810E37746FF}.Debug|Any CPU.Build.0 = Debug|Any CPU
		{FC7F3A2A-4255-BD20-F3BF-E810E37746FF}.Release|Any CPU.ActiveCfg = Release|Any CPU
		{FC7F3A2A-4255-BD20-F3BF-E810E37746FF}.Release|Any CPU.Build.0 = Release|Any CPU
	EndGlobalSection
	GlobalSection(SolutionProperties) = preSolution
		HideSolutionNode = FALSE
	EndGlobalSection
																																																						GlobalSection(MonoDevelopProperties) = preSolution
		StartupItem = Assembly-CSharp.csproj
		Policies = $0
		$0.TextStylePolicy = $1
		$1.inheritsSet = null
		$1.scope = text/x-csharp
		$0.CSharpFormattingPolicy = $2
		$2.inheritsSet = Mono
		$2.inheritsScope = text/x-csharp
		$2.scope = text/x-csharp
		$0.TextStylePolicy = $3
		$3.FileWidth = 120
		$3.TabWidth = 4
		$3.EolMarker = Unix
		$3.inheritsSet = Mono
		$3.inheritsScope = text/plain
		$3.scope = text/plain
	EndGlobalSection

EndGlobal
